# This file is automatically @generated by Cargo.
# It is not intended for manual editing.
version = 3

[[package]]
name = "bpaf"
version = "0.9.12"
source = "registry+https://github.com/rust-lang/crates.io-index"
checksum = "3280efcf6d66bc77c2cf9b67dc8acee47a217d9be67dd590b3230dffe663724d"

[[package]]
name = "brainstorm"
version = "0.1.0"
dependencies = [
 "bpaf",
 "cc",
]

[[package]]
name = "cc"
version = "1.0.82"
source = "registry+https://github.com/rust-lang/crates.io-index"
checksum = "305fe645edc1442a0fa8b6726ba61d422798d37a52e12eaecf4b022ebbb88f01"
dependencies = [
 "libc",
]

[[package]]
name = "libc"
version = "0.2.155"
source = "registry+https://github.com/rust-lang/crates.io-index"
checksum = "97b3888a4aecf77e811145cadf6eef5901f4782c53886191b2f693f24761847c"
