# This file is automatically @generated by Cargo.
# It is not intended for manual editing.
version = 3

[[package]]
name = "bpaf"
version = "0.9.12"
source = "registry+https://github.com/rust-lang/crates.io-index"
checksum = "3280efcf6d66bc77c2cf9b67dc8acee47a217d9be67dd590b3230dffe663724d"

[[package]]
name = "brainstorm"
version = "0.1.0"
dependencies = [
 "bpaf",
 "cc",
]

[[package]]
name = "cc"
version = "1.0.82"
source = "git+https://github.com/numas13/e2k-cc-rs.git?tag=e2k-1.0.82#7787dbc10386a7ce706b2e9379ebbd87f1e4abfe"
dependencies = [
 "libc",
]

[[package]]
name = "libc"
version = "0.2.154"
source = "git+https://github.com/numas13/e2k-libc.git?tag=e2k-0.2.154#fa9f8070c885504e8e2cfd79b21774c1c3cff30f"
